dependencies:
- name: common
  repository: https://keshavprasadms.github.io/sunbird-helm-repo
  version: 0.1.0
- name: common-opa-policies
  repository: https://keshavprasadms.github.io/sunbird-helm-repo
  version: 0.1.0
- name: learner-opa-policies
  repository: https://keshavprasadms.github.io/sunbird-helm-repo
  version: 0.1.0
- name: user-access-keys
  repository: https://keshavprasadms.github.io/sunbird-helm-repo
  version: 0.1.0
digest: sha256:82cd5130a5252126b3f8488c3bd772119de61e044768a24ee7f552b34caa8aed
generated: "2023-02-10T18:56:30.553951+05:30"
